dependencies:
  espressif/button:
    component_hash: d0afa32f0e50d60bc0c6fc23f7eea98adc6b02cfe70b590bc52c23c506745287
    dependencies:
    - name: espressif/cmake_utilities
      registry_url: https://components.espressif.com
      require: private
      version: '*'
    - name: idf
      require: private
      version: '>=4.0'
    source:
      registry_url: https://components.espressif.com
      type: service
    version: 4.1.6
  espressif/cmake_utilities:
    component_hash: 351350613ceafba240b761b4ea991e0f231ac7a9f59a9ee901f751bddc0bb18f
    dependencies:
    - name: idf
      require: private
      version: '>=4.1'
    source:
      registry_url: https://components.espressif.com
      type: service
    version: 0.5.3
  espressif/eppp_link:
    component_hash: 04f7f31868b8ae6014c96132740a192d09611a6e46aaa7038c865ffc7e26b38f
    dependencies:
    - name: espressif/esp_serial_slave_link
      registry_url: https://components.espressif.com
      require: private
      version: ^1.1.0
    - name: idf
      require: private
      version: '>=5.2'
    source:
      registry_url: https://components.espressif.com
      type: service
    version: 1.1.5
  espressif/esp_codec_dev:
    component_hash: 896c67360ae1f8dedaf8a53dfe48c015317fa455f061a5165307892296990028
    dependencies:
    - name: idf
      require: private
      version: '>=4.0'
    source:
      registry_url: https://components.espressif.com
      type: service
    version: 1.5.10
  espressif/esp_hosted:
    component_hash: 037d55a70dc5e2699754c0f3e21427d0df4ff29dc89cc80746978ad5b9dc4589
    dependencies:
    - name: idf
      require: private
      version: '>=5.3'
    source:
      registry_url: https://components.espressif.com/
      type: service
    version: 2.12.8
  espressif/esp_lcd_ek79007:
    component_hash: 8005700b7f10c7136b6e2a3f19a48f972aa1d13ed107ed298574e8d24d17ea83
    dependencies:
    - name: espressif/cmake_utilities
      registry_url: https://components.espressif.com
      require: private
      version: 0.*
    - name: idf
      require: private
      version: '>=5.3'
    source:
      registry_url: https://components.espressif.com
      type: service
    targets:
    - esp32p4
    version: 1.0.4
  espressif/esp_lcd_st7701:
    component_hash: d412b3a8704b32b6025aeabf6b3d769eefb9aefb2a3c07baf7cf4a13874c43f0
    dependencies:
    - name: espressif/cmake_utilities
      registry_url: https://components.espressif.com
      require: private
      version: 0.*
    - name: idf
      require: private
      version: '>=5.4'
    source:
      registry_url: https://components.espressif.com
      type: service
    targets:
    - esp32s3
    - esp32p4
    version: 2.0.2~1
  espressif/esp_lcd_touch:
    component_hash: 3f85a7d95af876f1a6ecca8eb90a81614890d0f03a038390804e5a77e2caf862
    dependencies:
    - name: idf
      require: private
      version: '>=4.4.2'
    source:
      registry_url: https://components.espressif.com
      type: service
    version: 1.2.1
  espressif/esp_lcd_touch_gt911:
    component_hash: 6029febef66eefd0910d527d7f30292779ccbf22a8dedd2bd69466acf0068a7b
    dependencies:
    - name: espressif/esp_lcd_touch
      registry_url: https://components.espressif.com
      require: public
      version: ^1.2.0
    - name: idf
      require: private
      version: '>=5.2'
    source:
      registry_url: https://components.espressif.com
      type: service
    version: 1.2.0~2
  espressif/esp_lv_decoder:
    component_hash: 0328ad04fc6f28a3c78e7613a4127fdf64429f14b923718efb1ee37112010adc
    dependencies:
    - name: espressif/esp_new_jpeg
      registry_url: https://components.espressif.com
      require: private
      version: 1.*
    - name: espressif/libpng
      registry_url: https://components.espressif.com
      require: private
      version: 1.*
    - name: idf
      require: private
      version: '>=5.3'
    - name: lvgl/lvgl
      registry_url: https://components.espressif.com
      require: private
      version: '>=8,<10'
    source:
      registry_url: https://components.espressif.com
      type: service
    targets:
    - esp32
    - esp32s2
    - esp32s3
    - esp32s31
    - esp32p4
    - esp32c2
    - esp32c3
    - esp32c5
    - esp32c6
    version: 0.4.0
  espressif/esp_lv_fs:
    component_hash: 66896007884b817df34c964f9a114fff538ee2674e99fee7159162498b93f94b
    dependencies:
    - name: espressif/cmake_utilities
      registry_url: https://components.espressif.com
      require: private
      version: 0.*
    - name: espressif/esp_mmap_assets
      registry_url: https://components.espressif.com
      require: private
      version: '>=1.2'
    - name: idf
      require: private
      version: '>=4.4'
    - name: lvgl/lvgl
      registry_url: https://components.espressif.com
      require: private
      version: '>=8,<10'
    source:
      registry_url: https://components.espressif.com
      type: service
    version: 1.0.1
  espressif/esp_lvgl_adapter:
    component_hash: a86c36e1f762bca480672f17ecd759f54d38fd802a709fff142ccfac4d8466a6
    dependencies:
    - name: espressif/button
      registry_url: https://components.espressif.com
      require: public
      version: 4.*
    - name: espressif/esp_lcd_touch
      registry_url: https://components.espressif.com
      require: public
      version: 1.*
    - name: espressif/esp_lv_decoder
      registry_url: https://components.espressif.com
      require: public
      version: 0.*
    - name: espressif/esp_lv_fs
      registry_url: https://components.espressif.com
      require: public
      version: 1.*
    - name: espressif/freetype
      registry_url: https://components.espressif.com
      require: public
      version: 2.*
    - name: espressif/knob
      registry_url: https://components.espressif.com
      require: public
      version: 1.*
    - name: idf
      require: private
      version: '>=5.5'
    - name: lvgl/lvgl
      registry_url: https://components.espressif.com
      require: private
      version: '>=8,<10'
    source:
      registry_url: https://components.espressif.com
      type: service
    version: 0.1.4
  espressif/esp_mmap_assets:
    component_hash: b7c559238d9f4c11048b1d7302f5474e4f4f590902433efd792bd0cbf5324f2a
    dependencies:
    - name: espressif/cmake_utilities
      registry_url: https://components.espressif.com
      require: private
      version: 0.*
    - name: idf
      require: private
      version: '>=5.0'
    source:
      registry_url: https://components.espressif.com
      type: service
    version: 2.0.0
  espressif/esp_new_jpeg:
    component_hash: 98823384f51ca298e2c9bebacd1c629148e528ed0902d18b16556df151519e68
    dependencies: []
    source:
      registry_url: https://components.espressif.com
      type: service
    targets:
    - esp32
    - esp32s2
    - esp32s3
    - esp32s31
    - esp32p4
    - esp32c2
    - esp32c3
    - esp32c5
    - esp32c6
    - esp32c61
    - esp32h4
    version: 1.0.1
  espressif/esp_serial_slave_link:
    component_hash: ac1776806de0a6e371c84e87898bb983e19ce62aa7f1e2e5c4a3b0234a575d2c
    dependencies:
    - name: idf
      require: private
      version: '>=5.0'
    source:
      registry_url: https://components.espressif.com
      type: service
    version: 1.1.2
  espressif/esp_wifi_remote:
    component_hash: 5cdfb7b59d312d91c9dd6e8365be6b7b8a16eeef2a2b40d235c4a12f6d0ff769
    dependencies:
    - name: espressif/esp_hosted
      registry_url: https://components.espressif.com
      require: private
      rules:
      - if: target in [esp32h2, esp32p4]
      version: '>=2.11'
    - name: espressif/wifi_remote_over_eppp
      registry_url: https://components.espressif.com
      require: private
      version: '>=0.1'
    - name: idf
      require: private
      version: '>=5.3'
    source:
      registry_url: https://components.espressif.com/
      type: service
    version: 1.5.3
  espressif/freetype:
    component_hash: a4169cdd22b3572342b2d640d7082405b8895e3214539283601c03412589b65d
    dependencies:
    - name: idf
      require: private
      version: '>=4.4'
    source:
      registry_url: https://components.espressif.com
      type: service
    version: 2.14.2
  espressif/i2c_bus:
    component_hash: 804ec068d163570fd367b279a310ca383484630d2310c586b50def0bcf21de13
    dependencies:
    - name: espressif/cmake_utilities
      registry_url: https://components.espressif.com
      require: private
      version: '*'
    - name: idf
      require: private
      version: '>=4.0'
    source:
      registry_url: https://components.espressif.com
      type: service
    version: 1.5.1
  espressif/knob:
    component_hash: 138ed090b4c9090a0a678f695b9d1884b368130c729b7333ed35bd7f4e8da80e
    dependencies:
    - name: espressif/cmake_utilities
      registry_url: https://components.espressif.com
      require: private
      version: 0.*
    - name: idf
      require: private
      version: '>=4.4.1'
    source:
      registry_url: https://components.espressif.com
      type: service
    version: 1.0.2
  espressif/libpng:
    component_hash: 30b1f2f8ddf13754b3e21d7ac134b3cc8f02957bb01d0c6deb5e9a68080d69d5
    dependencies:
    - name: idf
      require: private
      version: '>=5.0'
    - name: espressif/zlib
      registry_url: https://components.espressif.com
      require: private
      version: ^1.2.13
    source:
      registry_url: https://components.espressif.com
      type: service
    version: 1.6.58
  espressif/wifi_remote_over_eppp:
    component_hash: 06d8bc15348bbd21f1390daace36ed5adcf6026c93c5b69decc55fa04df2711a
    dependencies:
    - name: idf
      require: private
      version: '>=5.3'
    - name: espressif/eppp_link
      registry_url: https://components.espressif.com
      require: private
      version: '>=0.1'
    source:
      registry_url: https://components.espressif.com
      type: service
    version: 0.3.2
  espressif/zlib:
    component_hash: 64ea2fd6754c5a05951f1ddb312ac835cd782e68cb5bd9dfcd1c3a107c8fbfbc
    dependencies:
    - name: idf
      require: private
      version: '>=4.4'
    source:
      registry_url: https://components.espressif.com
      type: service
    version: 1.3.2
  idf:
    source:
      type: idf
    version: 5.5.4
  lvgl/lvgl:
    component_hash: 184e532558c1c45fefed631f3e235423d22582aafb4630f3e8885c35281a49ae
    dependencies: []
    source:
      registry_url: https://components.espressif.com/
      type: service
    version: 9.5.0
  waveshare/esp32_p4_platform:
    component_hash: cc670622252743504f00d4095257172b8ba3f5e93cf199162baf90b443f39093
    dependencies:
    - name: espressif/esp_codec_dev
      registry_url: https://components.espressif.com
      require: public
      version: ~1.5
    - name: espressif/esp_lcd_ek79007
      registry_url: https://components.espressif.com
      require: private
      version: 1.*
    - name: espressif/esp_lcd_touch_gt911
      registry_url: https://components.espressif.com
      require: private
      version: ^1
    - name: espressif/esp_lcd_st7701
      registry_url: https://components.espressif.com
      require: private
      version: '*'
    - name: espressif/esp_lvgl_adapter
      registry_url: https://components.espressif.com
      require: public
      version: 0.1.*
    - name: idf
      require: private
      version: '>=5.5'
    - name: lvgl/lvgl
      registry_url: https://components.espressif.com
      require: private
      version: '>=8,<10'
    - name: waveshare/esp_lcd_dsi
      registry_url: https://components.espressif.com
      require: private
      version: '*'
    - name: waveshare/esp_lcd_hx8394
      registry_url: https://components.espressif.com
      require: private
      version: ^1.0.2
    - name: waveshare/esp_lcd_ili9881c
      registry_url: https://components.espressif.com
      require: private
      version: '*'
    - name: waveshare/esp_lcd_jd9365
      registry_url: https://components.espressif.com
      require: private
      version: '*'
    - name: waveshare/esp_lcd_ota7290b
      registry_url: https://components.espressif.com
      require: private
      version: '*'
    source:
      registry_url: https://components.espressif.com/
      type: service
    targets:
    - esp32p4
    version: 1.0.7
  waveshare/esp_lcd_dsi:
    component_hash: 31abf4a747763670401518f10ba6b525d6f1c38aa7c1b0ca0e25ec9a084cf503
    dependencies:
    - name: espressif/cmake_utilities
      registry_url: https://components.espressif.com
      require: private
      version: 0.*
    - name: espressif/i2c_bus
      registry_url: https://components.espressif.com
      require: private
      version: ^1.3.0
    - name: idf
      require: private
      version: '>=5.3'
    source:
      registry_url: https://components.espressif.com
      type: service
    targets:
    - esp32p4
    version: 1.0.8
  waveshare/esp_lcd_hx8394:
    component_hash: d0999951259921352c91dc28cabf338b2c3db93d2f2fd8f6164a80a813b5eab6
    dependencies:
    - name: espressif/cmake_utilities
      registry_url: https://components.espressif.com
      require: private
      version: 0.*
    - name: espressif/i2c_bus
      registry_url: https://components.espressif.com
      require: private
      version: ^1.3.0
    - name: idf
      require: private
      version: '>=5.3'
    source:
      registry_url: https://components.espressif.com
      type: service
    targets:
    - esp32p4
    version: 1.0.3
  waveshare/esp_lcd_ili9881c:
    component_hash: 768135607a31748030f7f76d47f069912768fc5ef1de02f385a2292496281ad9
    dependencies:
    - name: espressif/cmake_utilities
      registry_url: https://components.espressif.com
      require: private
      version: 0.*
    - name: espressif/i2c_bus
      registry_url: https://components.espressif.com
      require: private
      version: ^1.3.0
    - name: idf
      require: private
      version: '>=5.3'
    source:
      registry_url: https://components.espressif.com
      type: service
    targets:
    - esp32p4
    version: 1.0.4
  waveshare/esp_lcd_jd9365:
    component_hash: bbf3d0a62fa1da93d77f91581dc8992b2761ffa5cbd31897e3982f5062b79412
    dependencies:
    - name: espressif/cmake_utilities
      registry_url: https://components.espressif.com
      require: private
      version: 0.*
    - name: espressif/i2c_bus
      registry_url: https://components.espressif.com
      require: private
      version: ^1.3.0
    - name: idf
      require: private
      version: '>=5.3'
    source:
      registry_url: https://components.espressif.com
      type: service
    targets:
    - esp32p4
    version: 1.0.6
  waveshare/esp_lcd_ota7290b:
    component_hash: 9144b0f032957ec60f09138bd24772b6ad1a3736bc6366fddbb6095384a910dc
    dependencies:
    - name: espressif/cmake_utilities
      registry_url: https://components.espressif.com
      require: private
      version: 0.*
    - name: espressif/i2c_bus
      registry_url: https://components.espressif.com
      require: private
      version: ^1.3.0
    - name: idf
      require: private
      version: '>=5.3'
    source:
      registry_url: https://components.espressif.com
      type: service
    targets:
    - esp32p4
    version: 1.0.0
direct_dependencies:
- espressif/esp_hosted
- espressif/esp_wifi_remote
- lvgl/lvgl
- waveshare/esp32_p4_platform
manifest_hash: 6d2bcea89c2c5228a22030bdcca0f0b2b5236dba4f08f0cfc8830b1d1dfce97e
target: esp32p4
version: 2.0.0
